git.sr.ht/~spc/go-log v0.1.1 h1:pdfV6Q1pNcGVT77DAWzc6LxJyi83PRu1ioZo98ZobAU=
git.sr.ht/~spc/go-log v0.1.1/go.mod h1:Albq15b/jXGrQ659oyB8X1wX8quqpU+LxXFw7YmEuTg=
github.com/gobwas/glob v0.2.3 h1:A4xDbljILXROh+kObIiy5kIaPYD8e96x1tgBhUI5J+Y=
github.com/gobwas/glob v0.2.3/go.mod h1:d3Ez4x06l9bZtSvzIay5+Yzi0fmZzPgnTbPcKjJAkT8=
github.com/godbus/dbus/v5 v5.1.0 h1:4KLkAxT3aOY8Li4FRJe/KvhoNFFxo0m6fNuFUO8QJUk=
github.com/godbus/dbus/v5 v5.1.0/go.mod h1:xhWf0FNVPg57R7Z0UbKHbJfkEywrmjJnf7w5xrFpKfA=
github.com/google/uuid v1.6.0 h1:NIvaJDMOsjHA8n1jAhLSgzrAzy1Hgr+hNrb57e+94F0=
github.com/google/uuid v1.6.0/go.mod h1:TIyPZe4MgqvfeYDBFedMoGGpEw/LqOeaOT+nhxU+yHo=
github.com/pelletier/go-toml v1.9.5 h1:4yBQzkHv+7BHq2PQUZF3Mx0IYxG7LsP222s7Agd3ve8=
github.com/pelletier/go-toml v1.9.5/go.mod h1:u1nR/EPcESfeI/szUZKdtJ0xRNbUoANCkoOuaOx1Y+c=
github.com/peterbourgon/ff/v3 v3.4.0 h1:QBvM/rizZM1cB0p0lGMdmR7HxZeI/ZrBWB4DqLkMUBc=
github.com/peterbourgon/ff/v3 v3.4.0/go.mod h1:zjJVUhx+twciwfDl0zBcFzl4dW8axCRyXE/eKY9RztQ=
github.com/redhatinsights/yggdrasil v0.4.4 h1:WFJUAPD7yw79AFE4c36jvsXMqt8zlQqFgbYEmifPUOg=
github.com/redhatinsights/yggdrasil v0.4.4/go.mod h1:YahOUpZGK+GXLmlnfV+QpNkUqm4K3GZkFp6KwFqNHhs=
github.com/sgreben/flagvar v1.10.1 h1:ukN3zqVj9T9U7CiKG6owmejxswJYMbAg9Mxkhi1B4tw=
github.com/sgreben/flagvar v1.10.1/go.mod h1:AxDmbFDIxZ4dHj2zg8LxuJn5CSwSS28iY/Wy56e+nhI=
github.com/subpop/go-log v0.1.2 h1:NgbZR6frmeDtC+96d+UxOkt4X/JxO626fokwL56Dff0=
github.com/subpop/go-log v0.1.2/go.mod h1:uAEovif98swmWm/8qYGrzGFahUIRQ/KwlBUpJuoOdds=
github.com/zcalusic/sysinfo v1.0.2 h1:nwTTo2a+WQ0NXwo0BGRojOJvJ/5XKvQih+2RrtWqfxc=
github.com/zcalusic/sysinfo v1.0.2/go.mod h1:kluzTYflRWo6/tXVMJPdEjShsbPpsFRyy+p1mBQPC30=
