git.sr.ht/~spc/go-log v0.0.0-20210611184941-ce2f05edb627 h1:V8lJMgdkSw4e9vn5ET1WXmhUruSxuk+Ep0VfLcYPl8o=
git.sr.ht/~spc/go-log v0.0.0-20210611184941-ce2f05edb627/go.mod h1:IKiYUc0lWbZO4uSV0kWNzJSFnABNdrybpPWo46CGgFM=
github.com/BurntSushi/toml v0.3.1/go.mod h1:xHWCNGjB5oqiDr8zfno3MHue2Ht5sIBksp03qcyfWMU=
github.com/adrg/xdg v0.4.0 h1:RzRqFcjH4nE5C6oTAxhBtoE2IRyjBSa62SCbyPidvls=
github.com/adrg/xdg v0.4.0/go.mod h1:N6ag73EX4wyxeaoeHctc1mas01KZgsj5tYiAIwqJE/E=
github.com/davecgh/go-spew v1.1.0/go.mod h1:J7Y8YcW2NihsgmVo/mv3lAwl/skON4iLHjSsI+c5H38=
github.com/davecgh/go-spew v1.1.1/go.mod h1:J7Y8YcW2NihsgmVo/mv3lAwl/skON4iLHjSsI+c5H38=
github.com/gobwas/glob v0.2.3 h1:A4xDbljILXROh+kObIiy5kIaPYD8e96x1tgBhUI5J+Y=
github.com/gobwas/glob v0.2.3/go.mod h1:d3Ez4x06l9bZtSvzIay5+Yzi0fmZzPgnTbPcKjJAkT8=
github.com/godbus/dbus/v5 v5.1.0 h1:4KLkAxT3aOY8Li4FRJe/KvhoNFFxo0m6fNuFUO8QJUk=
github.com/godbus/dbus/v5 v5.1.0/go.mod h1:xhWf0FNVPg57R7Z0UbKHbJfkEywrmjJnf7w5xrFpKfA=
github.com/google/uuid v1.3.0 h1:t6JiXgmwXMjEs8VusXIJk2BXHsn+wx8BZdTaoZ5fu7I=
github.com/google/uuid v1.3.0/go.mod h1:TIyPZe4MgqvfeYDBFedMoGGpEw/LqOeaOT+nhxU+yHo=
github.com/pelletier/go-toml v1.6.0/go.mod h1:5N711Q9dKgbdkxHL+MEfF31hpT7l0S0s/t2kKREewys=
github.com/pelletier/go-toml v1.9.4 h1:tjENF6MfZAg8e4ZmZTeWaWiT2vXtsoO6+iuOjFhECwM=
github.com/pelletier/go-toml v1.9.4/go.mod h1:u1nR/EPcESfeI/szUZKdtJ0xRNbUoANCkoOuaOx1Y+c=
github.com/peterbourgon/ff/v3 v3.1.0 h1:5JAeDK5j/zhKFjyHEZQXwXBoDijERaos10RE+xamOsY=
github.com/peterbourgon/ff/v3 v3.1.0/go.mod h1:XNJLY8EIl6MjMVjBS4F0+G0LYoAqs0DTa4rmHHukKDE=
github.com/pmezard/go-difflib v1.0.0/go.mod h1:iKH77koFhYxTK1pcRnkKkqfTogsbg7gZNVY4sRDYZ/4=
github.com/redhatinsights/yggdrasil v0.0.0-20230228182610-19fbbff3864c h1:+/d7bHBKToCGhgnVw7qiWUv3xOM12g5kuFi2XpONK0k=
github.com/redhatinsights/yggdrasil v0.0.0-20230228182610-19fbbff3864c/go.mod h1:jGRT0fd7FrzXgltUp6CGeqMQ+oBQ3W1K8stHVE5eKfc=
github.com/redhatinsights/yggdrasil v0.0.0-20230721151825-8351bca71a87 h1:5Iqgp4ITE7x4C2KFi439TRocIYB2/7ug9lvzMVRY+Vg=
github.com/redhatinsights/yggdrasil v0.0.0-20230721151825-8351bca71a87/go.mod h1:jGRT0fd7FrzXgltUp6CGeqMQ+oBQ3W1K8stHVE5eKfc=
github.com/sgreben/flagvar v1.10.1 h1:ukN3zqVj9T9U7CiKG6owmejxswJYMbAg9Mxkhi1B4tw=
github.com/sgreben/flagvar v1.10.1/go.mod h1:AxDmbFDIxZ4dHj2zg8LxuJn5CSwSS28iY/Wy56e+nhI=
github.com/stretchr/objx v0.1.0/go.mod h1:HFkY916IF+rwdDfMAkV7OtwuqBVzrE8GR6GFx+wExME=
github.com/stretchr/testify v1.7.0/go.mod h1:6Fq8oRcR53rry900zMqJjRRixrwX3KX962/h/Wwjteg=
github.com/zcalusic/sysinfo v0.9.5 h1:ivoHyj9aIAYkwzo1+8QgJ5s4oeE6Etx9FmZtqa4wJjQ=
github.com/zcalusic/sysinfo v0.9.5/go.mod h1:Z/gPVufBrFc8X5sef3m6kkw3r3nlNFp+I6bvASfvBZQ=
golang.org/x/sys v0.0.0-20211025201205-69cdffdb9359 h1:2B5p2L5IfGiD7+b9BOoRMC6DgObAVZV+Fsp050NqXik=
golang.org/x/sys v0.0.0-20211025201205-69cdffdb9359/go.mod h1:oPkhp1MJrh7nUepCBck5+mAzfO9JrbApNNgaTdGDITg=
gopkg.in/check.v1 v0.0.0-20161208181325-20d25e280405/go.mod h1:Co6ibVJAznAaIkqp8huTwlJQCZ016jof/cbN4VW5Yz0=
gopkg.in/yaml.v2 v2.2.4/go.mod h1:hI93XBmqTisBFMUTm0b8Fm+jr3Dg1NNxqwp+5A1VGuI=
gopkg.in/yaml.v3 v3.0.0-20200313102051-9f266ea9e77c/go.mod h1:K4uyk7z7BCEPqu6E+C64Yfv1cQ7kz7rIZviUmN+EgEM=
